
Microsoft Visual Studio Solution File, Format Version 12.00
# Visual Studio Version 17
VisualStudioVersion = 17.5.33530.505
MinimumVisualStudioVersion = 10.0.40219.1
Project("{FAE04EC0-301F-11D3-BF4B-00C04F79EFBC}") = "FurnitureDetails", "FurnitureDetails.csproj", "{F977712E-9B0D-49BD-9CCA-5D7A11824E24}"
EndProject
Global
	GlobalSection(SolutionConfigurationPlatforms) = preSolution
		Debug|Any CPU = Debug|Any CPU
		Release|Any CPU = Release|Any CPU
	EndGlobalSection
	GlobalSection(ProjectConfigurationPlatforms) = postSolution
		{F977712E-9B0D-49BD-9CCA-5D7A11824E24}.Debug|Any CPU.ActiveCfg = Debug|Any CPU
		{F977712E-9B0D-49BD-9CCA-5D7A11824E24}.Debug|Any CPU.Build.0 = Debug|Any CPU
		{F977712E-9B0D-49BD-9CCA-5D7A11824E24}.Release|Any CPU.ActiveCfg = Release|Any CPU
		{F977712E-9B0D-49BD-9CCA-5D7A11824E24}.Release|Any CPU.Build.0 = Release|Any CPU
	EndGlobalSection
	GlobalSection(SolutionProperties) = preSolution
		HideSolutionNode = FALSE
	EndGlobalSection
	GlobalSection(ExtensibilityGlobals) = postSolution
		SolutionGuid = {85E2F159-5762-47DB-9608-F0D789107286}
	EndGlobalSection
EndGlobal
